// !$*UTF8*$!
{
	archiveVersion = 1;
	classes = {
	};
	objectVersion = 48;
	objects = {

/* Begin PBXBuildFile section */
		0065E0D920391F4C00A33034 /* LeagugeVC.swift in Sources */ = {isa = PBXBuildFile; fileRef = 0065E0D820391F4C00A33034 /* LeagugeVC.swift */; };
		0065E0DB20391F6800A33034 /* SkillVC.swift in Sources */ = {isa = PBXBuildFile; fileRef = 0065E0DA20391F6800A33034 /* SkillVC.swift */; };
		0065E0DD20392C9C00A33034 /* LeaugeSegaue.swift in Sources */ = {isa = PBXBuildFile; fileRef = 0065E0DC20392C9C00A33034 /* LeaugeSegaue.swift */; };
		0080FC4420389EF400500236 /* AppDelegate.swift in Sources */ = {isa = PBXBuildFile; fileRef = 0080FC4320389EF400500236 /* AppDelegate.swift */; };
		0080FC4620389EF400500236 /* WelcomeVC.swift in Sources */ = {isa = PBXBuildFile; fileRef = 0080FC4520389EF400500236 /* WelcomeVC.swift */; };
		0080FC4920389EF400500236 /* Main.storyboard in Resources */ = {isa = PBXBuildFile; fileRef = 0080FC4720389EF400500236 /* Main.storyboard */; };
		0080FC4B20389EF400500236 /* Assets.xcassets in Resources */ = {isa = PBXBuildFile; fileRef = 0080FC4A20389EF400500236 /* Assets.xcassets */; };
		0080FC4E20389EF400500236 /* LaunchScreen.storyboard in Resources */ = {isa = PBXBuildFile; fileRef = 0080FC4C20389EF400500236 /* LaunchScreen.storyboard */; };
		00E3CAB72038A6F700DB3B35 /* BarButton.swift in Sources */ = {isa = PBXBuildFile; fileRef = 00E3CAB62038A6F700DB3B35 /* BarButton.swift */; };
/* End PBXBuildFile section */

/* Begin PBXFileReference section */
		0065E0D820391F4C00A33034 /* LeagugeVC.swift */ = {isa = PBXFileReference; lastKnownFileType = sourcecode.swift; path = LeagugeVC.swift; sourceTree = "<group>"; };
		0065E0DA20391F6800A33034 /* SkillVC.swift */ = {isa = PBXFileReference; lastKnownFileType = sourcecode.swift; path = SkillVC.swift; sourceTree = "<group>"; };
		0065E0DC20392C9C00A33034 /* LeaugeSegaue.swift */ = {isa = PBXFileReference; lastKnownFileType = sourcecode.swift; path = LeaugeSegaue.swift; sourceTree = "<group>"; };
		0080FC4020389EF400500236 /* Autolayouts.app */ = {isa = PBXFileReference; explicitFileType = wrapper.application; includeInIndex = 0; path = Autolayouts.app; sourceTree = BUILT_PRODUCTS_DIR; };
		0080FC4320389EF400500236 /* AppDelegate.swift */ = {isa = PBXFileReference; lastKnownFileType = sourcecode.swift; path = AppDelegate.swift; sourceTree = "<group>"; };
		0080FC4520389EF400500236 /* WelcomeVC.swift */ = {isa = PBXFileReference; lastKnownFileType = sourcecode.swift; path = WelcomeVC.swift; sourceTree = "<group>"; };
		0080FC4820389EF400500236 /* Base */ = {isa = PBXFileReference; lastKnownFileType = file.storyboard; name = Base; path = Base.lproj/Main.storyboard; sourceTree = "<group>"; };
		0080FC4A20389EF400500236 /* Assets.xcassets */ = {isa = PBXFileReference; lastKnownFileType = folder.assetcatalog; path = Assets.xcassets; sourceTree = "<group>"; };
		0080FC4D20389EF400500236 /* Base */ = {isa = PBXFileReference; lastKnownFileType = file.storyboard; name = Base; path = Base.lproj/LaunchScreen.storyboard; sourceTree = "<group>"; };
		0080FC4F20389EF400500236 /* Info.plist */ = {isa = PBXFileReference; lastKnownFileType = text.plist.xml; path = Info.plist; sourceTree = "<group>"; };
		00E3CAB62038A6F700DB3B35 /* BarButton.swift */ = {isa = PBXFileReference; lastKnownFileType = sourcecode.swift; path = BarButton.swift; sourceTree = "<group>"; };
/* End PBXFileReference section */

/* Begin PBXFrameworksBuildPhase section */
		0080FC3D20389EF400500236 /* Frameworks */ = {
			isa = PBXFrameworksBuildPhase;
			buildActionMask = 2147483647;
			files = (
			);
			runOnlyForDeploymentPostprocessing = 0;
		};
/* End PBXFrameworksBuildPhase section */

/* Begin PBXGroup section */
		0065E0D620391EE000A33034 /* Controller */ = {
			isa = PBXGroup;
			children = (
				0080FC4520389EF400500236 /* WelcomeVC.swift */,
				0065E0D820391F4C00A33034 /* LeagugeVC.swift */,
				0065E0DA20391F6800A33034 /* SkillVC.swift */,
			);
			path = Controller;
			sourceTree = "<group>";
		};
		0065E0D720391EEB00A33034 /* Model */ = {
			isa = PBXGroup;
			children = (
				0065E0DC20392C9C00A33034 /* LeaugeSegaue.swift */,
			);
			path = Model;
			sourceTree = "<group>";
		};
		0080FC3720389EF400500236 = {
			isa = PBXGroup;
			children = (
				0080FC4220389EF400500236 /* Autolayouts */,
				0080FC4120389EF400500236 /* Products */,
			);
			sourceTree = "<group>";
		};
		0080FC4120389EF400500236 /* Products */ = {
			isa = PBXGroup;
			children = (
				0080FC4020389EF400500236 /* Autolayouts.app */,
			);
			name = Products;
			sourceTree = "<group>";
		};
		0080FC4220389EF400500236 /* Autolayouts */ = {
			isa = PBXGroup;
			children = (
				0065E0D720391EEB00A33034 /* Model */,
				0065E0D620391EE000A33034 /* Controller */,
				00E3CAB52038A6D000DB3B35 /* View */,
				0080FC4320389EF400500236 /* AppDelegate.swift */,
				0080FC4720389EF400500236 /* Main.storyboard */,
				0080FC4A20389EF400500236 /* Assets.xcassets */,
				0080FC4C20389EF400500236 /* LaunchScreen.storyboard */,
				0080FC4F20389EF400500236 /* Info.plist */,
			);
			path = Autolayouts;
			sourceTree = "<group>";
		};
		00E3CAB52038A6D000DB3B35 /* View */ = {
			isa = PBXGroup;
			children = (
				00E3CAB62038A6F700DB3B35 /* BarButton.swift */,
			);
			path = View;
			sourceTree = "<group>";
		};
/* End PBXGroup section */

/* Begin PBXNativeTarget section */
		0080FC3F20389EF400500236 /* Autolayouts */ = {
			isa = PBXNativeTarget;
			buildConfigurationList = 0080FC5220389EF400500236 /* Build configuration list for PBXNativeTarget "Autolayouts" */;
			buildPhases = (
				0080FC3C20389EF400500236 /* Sources */,
				0080FC3D20389EF400500236 /* Frameworks */,
				0080FC3E20389EF400500236 /* Resources */,
			);
			buildRules = (
			);
			dependencies = (
			);
			name = Autolayouts;
			productName = Autolayouts;
			productReference = 0080FC4020389EF400500236 /* Autolayouts.app */;
			productType = "com.apple.product-type.application";
		};
/* End PBXNativeTarget section */

/* Begin PBXProject section */
		0080FC3820389EF400500236 /* Project object */ = {
			isa = PBXProject;
			attributes = {
				LastSwiftUpdateCheck = 0920;
				LastUpgradeCheck = 0920;
				ORGANIZATIONNAME = ReverseEngineering;
				TargetAttributes = {
					0080FC3F20389EF400500236 = {
						CreatedOnToolsVersion = 9.2;
						ProvisioningStyle = Automatic;
					};
				};
			};
			buildConfigurationList = 0080FC3B20389EF400500236 /* Build configuration list for PBXProject "Autolayouts" */;
			compatibilityVersion = "Xcode 8.0";
			developmentRegion = en;
			hasScannedForEncodings = 0;
			knownRegions = (
				en,
				Base,
			);
			mainGroup = 0080FC3720389EF400500236;
			productRefGroup = 0080FC4120389EF400500236 /* Products */;
			projectDirPath = "";
			projectRoot = "";
			targets = (
				0080FC3F20389EF400500236 /* Autolayouts */,
			);
		};
/* End PBXProject section */

/* Begin PBXResourcesBuildPhase section */
		0080FC3E20389EF400500236 /* Resources */ = {
			isa = PBXResourcesBuildPhase;
			buildActionMask = 2147483647;
			files = (
				0080FC4E20389EF400500236 /* LaunchScreen.storyboard in Resources */,
				0080FC4B20389EF400500236 /* Assets.xcassets in Resources */,
				0080FC4920389EF400500236 /* Main.storyboard in Resources */,
			);
			runOnlyForDeploymentPostprocessing = 0;
		};
/* End PBXResourcesBuildPhase section */

/* Begin PBXSourcesBuildPhase section */
		0080FC3C20389EF400500236 /* Sources */ = {
			isa = PBXSourcesBuildPhase;
			buildActionMask = 2147483647;
			files = (
				00E3CAB72038A6F700DB3B35 /* BarButton.swift in Sources */,
				0065E0D920391F4C00A33034 /* LeagugeVC.swift in Sources */,
				0065E0DD20392C9C00A33034 /* LeaugeSegaue.swift in Sources */,
				0080FC4620389EF400500236 /* WelcomeVC.swift in Sources */,
				0065E0DB20391F6800A33034 /* SkillVC.swift in Sources */,
				0080FC4420389EF400500236 /* AppDelegate.swift in Sources */,
			);
			runOnlyForDeploymentPostprocessing = 0;
		};
/* End PBXSourcesBuildPhase section */

/* Begin PBXVariantGroup section */
		0080FC4720389EF400500236 /* Main.storyboard */ = {
			isa = PBXVariantGroup;
			children = (
				0080FC4820389EF400500236 /* Base */,
			);
			name = Main.storyboard;
			sourceTree = "<group>";
		};
		0080FC4C20389EF400500236 /* LaunchScreen.storyboard */ = {
			isa = PBXVariantGroup;
			children = (
				0080FC4D20389EF400500236 /* Base */,
			);
			name = LaunchScreen.storyboard;
			sourceTree = "<group>";
		};
/* End PBXVariantGroup section */

/* Begin XCBuildConfiguration section */
		0080FC5020389EF400500236 /* Debug */ = {
			isa = XCBuildConfiguration;
			buildSettings = {
				ALWAYS_SEARCH_USER_PATHS = NO;
				CLANG_ANALYZER_NONNULL = YES;
				CLANG_ANALYZER_NUMBER_OBJECT_CONVERSION = YES_AGGRESSIVE;
				CLANG_CXX_LANGUAGE_STANDARD = "gnu++14";
				CLANG_CXX_LIBRARY = "libc++";
				CLANG_ENABLE_MODULES = YES;
				CLANG_ENABLE_OBJC_ARC = YES;
				CLANG_WARN_BLOCK_CAPTURE_AUTORELEASING = YES;
				CLANG_WARN_BOOL_CONVERSION = YES;
				CLANG_WARN_COMMA = YES;
				CLANG_WARN_CONSTANT_CONVERSION = YES;
				CLANG_WARN_DIRECT_OBJC_ISA_USAGE = YES_ERROR;
				CLANG_WARN_DOCUMENTATION_COMMENTS = YES;
				CLANG_WARN_EMPTY_BODY = YES;
				CLANG_WARN_ENUM_CONVERSION = YES;
				CLANG_WARN_INFINITE_RECURSION = YES;
				CLANG_WARN_INT_CONVERSION = YES;
				CLANG_WARN_NON_LITERAL_NULL_CONVERSION = YES;
				CLANG_WARN_OBJC_LITERAL_CONVERSION = YES;
				CLANG_WARN_OBJC_ROOT_CLASS = YES_ERROR;
				CLANG_WARN_RANGE_LOOP_ANALYSIS = YES;
				CLANG_WARN_STRICT_PROTOTYPES = YES;
				CLANG_WARN_SUSPICIOUS_MOVE = YES;
				CLANG_WARN_UNGUARDED_AVAILABILITY = YES_AGGRESSIVE;
				CLANG_WARN_UNREACHABLE_CODE = YES;
				CLANG_WARN__DUPLICATE_METHOD_MATCH = YES;
				CODE_SIGN_IDENTITY = "iPhone Developer";
				COPY_PHASE_STRIP = NO;
				DEBUG_INFORMATION_FORMAT = dwarf;
				ENABLE_STRICT_OBJC_MSGSEND = YES;
				ENABLE_TESTABILITY = YES;
				GCC_C_LANGUAGE_STANDARD = gnu11;
				GCC_DYNAMIC_NO_PIC = NO;
				GCC_NO_COMMON_BLOCKS = YES;
				GCC_OPTIMIZATION_LEVEL = 0;
				GCC_PREPROCESSOR_DEFINITIONS = (
					"DEBUG=1",
					"$(inherited)",
				);
				GCC_WARN_64_TO_32_BIT_CONVERSION = YES;
				GCC_WARN_ABOUT_RETURN_TYPE = YES_ERROR;
				GCC_WARN_UNDECLARED_SELECTOR = YES;
				GCC_WARN_UNINITIALIZED_AUTOS = YES_AGGRESSIVE;
				GCC_WARN_UNUSED_FUNCTION = YES;
				GCC_WARN_UNUSED_VARIABLE = YES;
				IPHONEOS_DEPLOYMENT_TARGET = 11.2;
				MTL_ENABLE_DEBUG_INFO = YES;
				ONLY_ACTIVE_ARCH = YES;
				SDKROOT = iphoneos;
				SWIFT_ACTIVE_COMPILATION_CONDITIONS = DEBUG;
				SWIFT_OPTIMIZATION_LEVEL = "-Onone";
			};
			name = Debug;
		};
		0080FC5120389EF400500236 /* Release */ = {
			isa = XCBuildConfiguration;
			buildSettings = {
				ALWAYS_SEARCH_USER_PATHS = NO;
				CLANG_ANALYZER_NONNULL = YES;
				CLANG_ANALYZER_NUMBER_OBJECT_CONVERSION = YES_AGGRESSIVE;
				CLANG_CXX_LANGUAGE_STANDARD = "gnu++14";
				CLANG_CXX_LIBRARY = "libc++";
				CLANG_ENABLE_MODULES = YES;
				CLANG_ENABLE_OBJC_ARC = YES;
				CLANG_WARN_BLOCK_CAPTURE_AUTORELEASING = YES;
				CLANG_WARN_BOOL_CONVERSION = YES;
				CLANG_WARN_COMMA = YES;
				CLANG_WARN_CONSTANT_CONVERSION = YES;
				CLANG_WARN_DIRECT_OBJC_ISA_USAGE = YES_ERROR;
				CLANG_WARN_DOCUMENTATION_COMMENTS = YES;
				CLANG_WARN_EMPTY_BODY = YES;
				CLANG_WARN_ENUM_CONVERSION = YES;
				CLANG_WARN_INFINITE_RECURSION = YES;
				CLANG_WARN_INT_CONVERSION = YES;
				CLANG_WARN_NON_LITERAL_NULL_CONVERSION = YES;
				CLANG_WARN_OBJC_LITERAL_CONVERSION = YES;
				CLANG_WARN_OBJC_ROOT_CLASS = YES_ERROR;
				CLANG_WARN_RANGE_LOOP_ANALYSIS = YES;
				CLANG_WARN_STRICT_PROTOTYPES = YES;
				CLANG_WARN_SUSPICIOUS_MOVE = YES;
				CLANG_WARN_UNGUARDED_AVAILABILITY = YES_AGGRESSIVE;
				CLANG_WARN_UNREACHABLE_CODE = YES;
				CLANG_WARN__DUPLICATE_METHOD_MATCH = YES;
				CODE_SIGN_IDENTITY = "iPhone Developer";
				COPY_PHASE_STRIP = NO;
				DEBUG_INFORMATION_FORMAT = "dwarf-with-dsym";
				ENABLE_NS_ASSERTIONS = NO;
				ENABLE_STRICT_OBJC_MSGSEND = YES;
				GCC_C_LANGUAGE_STANDARD = gnu11;
				GCC_NO_COMMON_BLOCKS = YES;
				GCC_WARN_64_TO_32_BIT_CONVERSION = YES;
				GCC_WARN_ABOUT_RETURN_TYPE = YES_ERROR;
				GCC_WARN_UNDECLARED_SELECTOR = YES;
				GCC_WARN_UNINITIALIZED_AUTOS = YES_AGGRESSIVE;
				GCC_WARN_UNUSED_FUNCTION = YES;
				GCC_WARN_UNUSED_VARIABLE = YES;
				IPHONEOS_DEPLOYMENT_TARGET = 11.2;
				MTL_ENABLE_DEBUG_INFO = NO;
				SDKROOT = iphoneos;
				SWIFT_OPTIMIZATION_LEVEL = "-Owholemodule";
				VALIDATE_PRODUCT = YES;
			};
			name = Release;
		};
		0080FC5320389EF400500236 /* Debug */ = {
			isa = XCBuildConfiguration;
			buildSettings = {
				ASSETCATALOG_COMPILER_APPICON_NAME = AppIcon;
				CODE_SIGN_STYLE = Automatic;
				DEVELOPMENT_TEAM = MX4XG396X5;
				INFOPLIST_FILE = Autolayouts/Info.plist;
				LD_RUNPATH_SEARCH_PATHS = "$(inherited) @executable_path/Frameworks";
				PRODUCT_BUNDLE_IDENTIFIER = com.saivishal.Autolayouts;
				PRODUCT_NAME = "$(TARGET_NAME)";
				SWIFT_VERSION = 4.0;
				TARGETED_DEVICE_FAMILY = "1,2";
			};
			name = Debug;
		};
		0080FC5420389EF400500236 /* Release */ = {
			isa = XCBuildConfiguration;
			buildSettings = {
				ASSETCATALOG_COMPILER_APPICON_NAME = AppIcon;
				CODE_SIGN_STYLE = Automatic;
				DEVELOPMENT_TEAM = MX4XG396X5;
				INFOPLIST_FILE = Autolayouts/Info.plist;
				LD_RUNPATH_SEARCH_PATHS = "$(inherited) @executable_path/Frameworks";
				PRODUCT_BUNDLE_IDENTIFIER = com.saivishal.Autolayouts;
				PRODUCT_NAME = "$(TARGET_NAME)";
				SWIFT_VERSION = 4.0;
				TARGETED_DEVICE_FAMILY = "1,2";
			};
			name = Release;
		};
/* End XCBuildConfiguration section */

/* Begin XCConfigurationList section */
		0080FC3B20389EF400500236 /* Build configuration list for PBXProject "Autolayouts" */ = {
			isa = XCConfigurationList;
			buildConfigurations = (
				0080FC5020389EF400500236 /* Debug */,
				0080FC5120389EF400500236 /* Release */,
			);
			defaultConfigurationIsVisible = 0;
			defaultConfigurationName = Release;
		};
		0080FC5220389EF400500236 /* Build configuration list for PBXNativeTarget "Autolayouts" */ = {
			isa = XCConfigurationList;
			buildConfigurations = (
				0080FC5320389EF400500236 /* Debug */,
				0080FC5420389EF400500236 /* Release */,
			);
			defaultConfigurationIsVisible = 0;
			defaultConfigurationName = Release;
		};
/* End XCConfigurationList section */
	};
	rootObject = 0080FC3820389EF400500236 /* Project object */;
}
